
Microsoft Visual Studio Solution File, Format Version 11.00
# Visual Studio 2010
Project("{8BC9CEB8-8B4A-11D0-8D11-00A0C91BC942}") = "Simulador_POO_TP", "Simulador_POO_TP\Simulador_POO_TP.vcxproj", "{329344BA-4F4F-4113-B66A-95D8AE0F07C0}"
EndProject
Global
	GlobalSection(SolutionConfigurationPlatforms) = preSolution
		Debug|Win32 = Debug|Win32
		Release|Win32 = Release|Win32
	EndGlobalSection
	GlobalSection(ProjectConfigurationPlatforms) = postSolution
		{329344BA-4F4F-4113-B66A-95D8AE0F07C0}.Debug|Win32.ActiveCfg = Debug|Win32
		{329344BA-4F4F-4113-B66A-95D8AE0F07C0}.Debug|Win32.Build.0 = Debug|Win32
		{329344BA-4F4F-4113-B66A-95D8AE0F07C0}.Release|Win32.ActiveCfg = Release|Win32
		{329344BA-4F4F-4113-B66A-95D8AE0F07C0}.Release|Win32.Build.0 = Release|Win32
	EndGlobalSection
	GlobalSection(SolutionProperties) = preSolution
		HideSolutionNode = FALSE
	EndGlobalSection
EndGlobal
